<Solution>
  <Folder Name="/.github/">
    <File Path=".github/renovate.json" />
  </Folder>
  <Folder Name="/.github/workflows/">
    <File Path=".github/workflows/build-and-test.yml" />
    <File Path=".github/workflows/codeql.yml" />
    <File Path=".github/workflows/publish-package.yml" />
  </Folder>
  <Folder Name="/src/">
    <Project Path="src/Soenneker.Docker.Registry.HttpClients/Soenneker.Docker.Registry.HttpClients.csproj" />
  </Folder>
  <Folder Name="/test/">
    <Project Path="test/Soenneker.Docker.Registry.HttpClients.Tests/Soenneker.Docker.Registry.HttpClients.Tests.csproj" />
  </Folder>
</Solution>
